
Microsoft Visual Studio Solution File, Format Version 12.00
# Visual Studio 15
VisualStudioVersion = 15.0.27130.2036
MinimumVisualStudioVersion = 10.0.40219.1
Project("{8BC9CEB8-8B4A-11D0-8D11-00A0C91BC942}") = "ex2", "ex2\ex2.vcxproj", "{D694E5F5-933F-4BCD-9ADE-716E621E0B25}"
EndProject
Project("{8BC9CEB8-8B4A-11D0-8D11-00A0C91BC942}") = "ex1", "ex1\ex1.vcxproj", "{BD7B7D3B-AFCF-429F-9AD8-6B0A94666399}"
EndProject
Project("{8BC9CEB8-8B4A-11D0-8D11-00A0C91BC942}") = "ex3", "ex3\ex3.vcxproj", "{A56E4EFD-A8CA-4B57-8AE3-346DA8910321}"
EndProject
Project("{8BC9CEB8-8B4A-11D0-8D11-00A0C91BC942}") = "ex4", "ex4\ex4.vcxproj", "{3FC7056D-8E78-4CED-AA19-02549F5EBCB1}"
EndProject
Project("{8BC9CEB8-8B4A-11D0-8D11-00A0C91BC942}") = "ex4_2", "ex4_2\ex4_2.vcxproj", "{91C05057-A88F-4FF3-8D3D-D557290CC4EA}"
EndProject
Project("{8BC9CEB8-8B4A-11D0-8D11-00A0C91BC942}") = "ex4_3", "ex4_3\ex4_3.vcxproj", "{C6D9AD23-9578-4E6A-9FC1-9C30A2A03D79}"
EndProject
Project("{8BC9CEB8-8B4A-11D0-8D11-00A0C91BC942}") = "ex5", "ex5\ex5.vcxproj", "{CC64695D-AAF7-460D-B4EE-FC8AAC3600ED}"
EndProject
Project("{8BC9CEB8-8B4A-11D0-8D11-00A0C91BC942}") = "ex6", "ex6\ex6.vcxproj", "{DCD23AD8-47CC-4190-809C-F748782679B8}"
EndProject
Project("{8BC9CEB8-8B4A-11D0-8D11-00A0C91BC942}") = "ex8", "ex8\ex8.vcxproj", "{BB5B6BD7-113F-409B-81EB-47930ADA3D62}"
EndProject
Project("{8BC9CEB8-8B4A-11D0-8D11-00A0C91BC942}") = "ex9", "ex9\ex9.vcxproj", "{B29AB6B3-7751-4704-B5C6-A8167646C280}"
EndProject
Project("{8BC9CEB8-8B4A-11D0-8D11-00A0C91BC942}") = "ex11", "ex11\ex11.vcxproj", "{3AD76AA1-6FF2-44E4-8F5E-DE612E3D0DF6}"
EndProject
Global
	GlobalSection(SolutionConfigurationPlatforms) = preSolution
		Debug|x64 = Debug|x64
		Debug|x86 = Debug|x86
		Release|x64 = Release|x64
		Release|x86 = Release|x86
	EndGlobalSection
	GlobalSection(ProjectConfigurationPlatforms) = postSolution
		{D694E5F5-933F-4BCD-9ADE-716E621E0B25}.Debug|x64.ActiveCfg = Debug|x64
		{D694E5F5-933F-4BCD-9ADE-716E621E0B25}.Debug|x64.Build.0 = Debug|x64
		{D694E5F5-933F-4BCD-9ADE-716E621E0B25}.Debug|x86.ActiveCfg = Debug|Win32
		{D694E5F5-933F-4BCD-9ADE-716E621E0B25}.Debug|x86.Build.0 = Debug|Win32
		{D694E5F5-933F-4BCD-9ADE-716E621E0B25}.Release|x64.ActiveCfg = Release|x64
		{D694E5F5-933F-4BCD-9ADE-716E621E0B25}.Release|x64.Build.0 = Release|x64
		{D694E5F5-933F-4BCD-9ADE-716E621E0B25}.Release|x86.ActiveCfg = Release|Win32
		{D694E5F5-933F-4BCD-9ADE-716E621E0B25}.Release|x86.Build.0 = Release|Win32
		{BD7B7D3B-AFCF-429F-9AD8-6B0A94666399}.Debug|x64.ActiveCfg = Debug|x64
		{BD7B7D3B-AFCF-429F-9AD8-6B0A94666399}.Debug|x64.Build.0 = Debug|x64
		{BD7B7D3B-AFCF-429F-9AD8-6B0A94666399}.Debug|x86.ActiveCfg = Debug|Win32
		{BD7B7D3B-AFCF-429F-9AD8-6B0A94666399}.Debug|x86.Build.0 = Debug|Win32
		{BD7B7D3B-AFCF-429F-9AD8-6B0A94666399}.Release|x64.ActiveCfg = Release|x64
		{BD7B7D3B-AFCF-429F-9AD8-6B0A94666399}.Release|x64.Build.0 = Release|x64
		{BD7B7D3B-AFCF-429F-9AD8-6B0A94666399}.Release|x86.ActiveCfg = Release|Win32
		{BD7B7D3B-AFCF-429F-9AD8-6B0A94666399}.Release|x86.Build.0 = Release|Win32
		{A56E4EFD-A8CA-4B57-8AE3-346DA8910321}.Debug|x64.ActiveCfg = Debug|x64
		{A56E4EFD-A8CA-4B57-8AE3-346DA8910321}.Debug|x64.Build.0 = Debug|x64
		{A56E4EFD-A8CA-4B57-8AE3-346DA8910321}.Debug|x86.ActiveCfg = Debug|Win32
		{A56E4EFD-A8CA-4B57-8AE3-346DA8910321}.Debug|x86.Build.0 = Debug|Win32
		{A56E4EFD-A8CA-4B57-8AE3-346DA8910321}.Release|x64.ActiveCfg = Release|x64
		{A56E4EFD-A8CA-4B57-8AE3-346DA8910321}.Release|x64.Build.0 = Release|x64
		{A56E4EFD-A8CA-4B57-8AE3-346DA8910321}.Release|x86.ActiveCfg = Release|Win32
		{A56E4EFD-A8CA-4B57-8AE3-346DA8910321}.Release|x86.Build.0 = Release|Win32
		{3FC7056D-8E78-4CED-AA19-02549F5EBCB1}.Debug|x64.ActiveCfg = Debug|x64
		{3FC7056D-8E78-4CED-AA19-02549F5EBCB1}.Debug|x64.Build.0 = Debug|x64
		{3FC7056D-8E78-4CED-AA19-02549F5EBCB1}.Debug|x86.ActiveCfg = Debug|Win32
		{3FC7056D-8E78-4CED-AA19-02549F5EBCB1}.Debug|x86.Build.0 = Debug|Win32
		{3FC7056D-8E78-4CED-AA19-02549F5EBCB1}.Release|x64.ActiveCfg = Release|x64
		{3FC7056D-8E78-4CED-AA19-02549F5EBCB1}.Release|x64.Build.0 = Release|x64
		{3FC7056D-8E78-4CED-AA19-02549F5EBCB1}.Release|x86.ActiveCfg = Release|Win32
		{3FC7056D-8E78-4CED-AA19-02549F5EBCB1}.Release|x86.Build.0 = Release|Win32
		{91C05057-A88F-4FF3-8D3D-D557290CC4EA}.Debug|x64.ActiveCfg = Debug|x64
		{91C05057-A88F-4FF3-8D3D-D557290CC4EA}.Debug|x64.Build.0 = Debug|x64
		{91C05057-A88F-4FF3-8D3D-D557290CC4EA}.Debug|x86.ActiveCfg = Debug|Win32
		{91C05057-A88F-4FF3-8D3D-D557290CC4EA}.Debug|x86.Build.0 = Debug|Win32
		{91C05057-A88F-4FF3-8D3D-D557290CC4EA}.Release|x64.ActiveCfg = Release|x64
		{91C05057-A88F-4FF3-8D3D-D557290CC4EA}.Release|x64.Build.0 = Release|x64
		{91C05057-A88F-4FF3-8D3D-D557290CC4EA}.Release|x86.ActiveCfg = Release|Win32
		{91C05057-A88F-4FF3-8D3D-D557290CC4EA}.Release|x86.Build.0 = Release|Win32
		{C6D9AD23-9578-4E6A-9FC1-9C30A2A03D79}.Debug|x64.ActiveCfg = Debug|x64
		{C6D9AD23-9578-4E6A-9FC1-9C30A2A03D79}.Debug|x64.Build.0 = Debug|x64
		{C6D9AD23-9578-4E6A-9FC1-9C30A2A03D79}.Debug|x86.ActiveCfg = Debug|Win32
		{C6D9AD23-9578-4E6A-9FC1-9C30A2A03D79}.Debug|x86.Build.0 = Debug|Win32
		{C6D9AD23-9578-4E6A-9FC1-9C30A2A03D79}.Release|x64.ActiveCfg = Release|x64
		{C6D9AD23-9578-4E6A-9FC1-9C30A2A03D79}.Release|x64.Build.0 = Release|x64
		{C6D9AD23-9578-4E6A-9FC1-9C30A2A03D79}.Release|x86.ActiveCfg = Release|Win32
		{C6D9AD23-9578-4E6A-9FC1-9C30A2A03D79}.Release|x86.Build.0 = Release|Win32
		{CC64695D-AAF7-460D-B4EE-FC8AAC3600ED}.Debug|x64.ActiveCfg = Debug|x64
		{CC64695D-AAF7-460D-B4EE-FC8AAC3600ED}.Debug|x64.Build.0 = Debug|x64
		{CC64695D-AAF7-460D-B4EE-FC8AAC3600ED}.Debug|x86.ActiveCfg = Debug|Win32
		{CC64695D-AAF7-460D-B4EE-FC8AAC3600ED}.Debug|x86.Build.0 = Debug|Win32
		{CC64695D-AAF7-460D-B4EE-FC8AAC3600ED}.Release|x64.ActiveCfg = Release|x64
		{CC64695D-AAF7-460D-B4EE-FC8AAC3600ED}.Release|x64.Build.0 = Release|x64
		{CC64695D-AAF7-460D-B4EE-FC8AAC3600ED}.Release|x86.ActiveCfg = Release|Win32
		{CC64695D-AAF7-460D-B4EE-FC8AAC3600ED}.Release|x86.Build.0 = Release|Win32
		{DCD23AD8-47CC-4190-809C-F748782679B8}.Debug|x64.ActiveCfg = Debug|x64
		{DCD23AD8-47CC-4190-809C-F748782679B8}.Debug|x64.Build.0 = Debug|x64
		{DCD23AD8-47CC-4190-809C-F748782679B8}.Debug|x86.ActiveCfg = Debug|Win32
		{DCD23AD8-47CC-4190-809C-F748782679B8}.Debug|x86.Build.0 = Debug|Win32
		{DCD23AD8-47CC-4190-809C-F748782679B8}.Release|x64.ActiveCfg = Release|x64
		{DCD23AD8-47CC-4190-809C-F748782679B8}.Release|x64.Build.0 = Release|x64
		{DCD23AD8-47CC-4190-809C-F748782679B8}.Release|x86.ActiveCfg = Release|Win32
		{DCD23AD8-47CC-4190-809C-F748782679B8}.Release|x86.Build.0 = Release|Win32
		{BB5B6BD7-113F-409B-81EB-47930ADA3D62}.Debug|x64.ActiveCfg = Debug|x64
		{BB5B6BD7-113F-409B-81EB-47930ADA3D62}.Debug|x64.Build.0 = Debug|x64
		{BB5B6BD7-113F-409B-81EB-47930ADA3D62}.Debug|x86.ActiveCfg = Debug|Win32
		{BB5B6BD7-113F-409B-81EB-47930ADA3D62}.Debug|x86.Build.0 = Debug|Win32
		{BB5B6BD7-113F-409B-81EB-47930ADA3D62}.Release|x64.ActiveCfg = Release|x64
		{BB5B6BD7-113F-409B-81EB-47930ADA3D62}.Release|x64.Build.0 = Release|x64
		{BB5B6BD7-113F-409B-81EB-47930ADA3D62}.Release|x86.ActiveCfg = Release|Win32
		{BB5B6BD7-113F-409B-81EB-47930ADA3D62}.Release|x86.Build.0 = Release|Win32
		{B29AB6B3-7751-4704-B5C6-A8167646C280}.Debug|x64.ActiveCfg = Debug|x64
		{B29AB6B3-7751-4704-B5C6-A8167646C280}.Debug|x64.Build.0 = Debug|x64
		{B29AB6B3-7751-4704-B5C6-A8167646C280}.Debug|x86.ActiveCfg = Debug|Win32
		{B29AB6B3-7751-4704-B5C6-A8167646C280}.Debug|x86.Build.0 = Debug|Win32
		{B29AB6B3-7751-4704-B5C6-A8167646C280}.Release|x64.ActiveCfg = Release|x64
		{B29AB6B3-7751-4704-B5C6-A8167646C280}.Release|x64.Build.0 = Release|x64
		{B29AB6B3-7751-4704-B5C6-A8167646C280}.Release|x86.ActiveCfg = Release|Win32
		{B29AB6B3-7751-4704-B5C6-A8167646C280}.Release|x86.Build.0 = Release|Win32
		{3AD76AA1-6FF2-44E4-8F5E-DE612E3D0DF6}.Debug|x64.ActiveCfg = Debug|x64
		{3AD76AA1-6FF2-44E4-8F5E-DE612E3D0DF6}.Debug|x64.Build.0 = Debug|x64
		{3AD76AA1-6FF2-44E4-8F5E-DE612E3D0DF6}.Debug|x86.ActiveCfg = Debug|Win32
		{3AD76AA1-6FF2-44E4-8F5E-DE612E3D0DF6}.Debug|x86.Build.0 = Debug|Win32
		{3AD76AA1-6FF2-44E4-8F5E-DE612E3D0DF6}.Release|x64.ActiveCfg = Release|x64
		{3AD76AA1-6FF2-44E4-8F5E-DE612E3D0DF6}.Release|x64.Build.0 = Release|x64
		{3AD76AA1-6FF2-44E4-8F5E-DE612E3D0DF6}.Release|x86.ActiveCfg = Release|Win32
		{3AD76AA1-6FF2-44E4-8F5E-DE612E3D0DF6}.Release|x86.Build.0 = Release|Win32
	EndGlobalSection
	GlobalSection(SolutionProperties) = preSolution
		HideSolutionNode = FALSE
	EndGlobalSection
	GlobalSection(ExtensibilityGlobals) = postSolution
		SolutionGuid = {6FFC1A25-3E0C-45E9-A81D-2F41F46EC372}
	EndGlobalSection
EndGlobal
